
Microsoft Visual Studio Solution File, Format Version 12.00
# Visual Studio Version 16
VisualStudioVersion = 16.0.29613.14
MinimumVisualStudioVersion = 10.0.40219.1
Project("{FAE04EC0-301F-11D3-BF4B-00C04F79EFBC}") = "AyzPaymentWizard", "AyzPaymentWizard\AyzPaymentWizard.csproj", "{7F46AD90-1C21-413E-B148-04C8044D5694}"
EndProject
Project("{54435603-DBB4-11D2-8724-00A0C9A8B90C}") = "AYZ Payment Wizard Setup", "AYZ Payment Wizard Setup\AYZ Payment Wizard Setup.vdproj", "{ED30E963-305A-4943-A63B-2BD2284FD894}"
EndProject
Global
	GlobalSection(SolutionConfigurationPlatforms) = preSolution
		Debug|Any CPU = Debug|Any CPU
		Release|Any CPU = Release|Any CPU
	EndGlobalSection
	GlobalSection(ProjectConfigurationPlatforms) = postSolution
		{7F46AD90-1C21-413E-B148-04C8044D5694}.Debug|Any CPU.ActiveCfg = Debug|Any CPU
		{7F46AD90-1C21-413E-B148-04C8044D5694}.Debug|Any CPU.Build.0 = Debug|Any CPU
		{7F46AD90-1C21-413E-B148-04C8044D5694}.Release|Any CPU.ActiveCfg = Release|Any CPU
		{7F46AD90-1C21-413E-B148-04C8044D5694}.Release|Any CPU.Build.0 = Release|Any CPU
		{ED30E963-305A-4943-A63B-2BD2284FD894}.Debug|Any CPU.ActiveCfg = Release
		{ED30E963-305A-4943-A63B-2BD2284FD894}.Release|Any CPU.ActiveCfg = Release
	EndGlobalSection
	GlobalSection(SolutionProperties) = preSolution
		HideSolutionNode = FALSE
	EndGlobalSection
	GlobalSection(ExtensibilityGlobals) = postSolution
		SolutionGuid = {631AB8E9-8C2F-4D8D-A1EB-1691144E11D0}
	EndGlobalSection
EndGlobal
